
Microsoft Visual Studio Solution File, Format Version 12.00
# Visual Studio Version 17
VisualStudioVersion = 17.10.35004.147
MinimumVisualStudioVersion = 10.0.40219.1
Project("{FAE04EC0-301F-11D3-BF4B-00C04F79EFBC}") = "Core", "Core\Core.csproj", "{C8447C46-643C-4F71-9378-30EDF6A3634F}"
EndProject
Global
	GlobalSection(SolutionConfigurationPlatforms) = preSolution
		Debug|Any CPU = Debug|Any CPU
		Release|Any CPU = Release|Any CPU
	EndGlobalSection
	GlobalSection(ProjectConfigurationPlatforms) = postSolution
		{C8447C46-643C-4F71-9378-30EDF6A3634F}.Debug|Any CPU.ActiveCfg = Debug|Any CPU
		{C8447C46-643C-4F71-9378-30EDF6A3634F}.Debug|Any CPU.Build.0 = Debug|Any CPU
		{C8447C46-643C-4F71-9378-30EDF6A3634F}.Release|Any CPU.ActiveCfg = Release|Any CPU
		{C8447C46-643C-4F71-9378-30EDF6A3634F}.Release|Any CPU.Build.0 = Release|Any CPU
	EndGlobalSection
	GlobalSection(SolutionProperties) = preSolution
		HideSolutionNode = FALSE
	EndGlobalSection
	GlobalSection(ExtensibilityGlobals) = postSolution
		SolutionGuid = {F5B84AF6-0A84-40A3-9EE6-CD9F856E594F}
	EndGlobalSection
EndGlobal
